
Microsoft Visual Studio Solution File, Format Version 12.00
# Visual Studio Version 17
VisualStudioVersion = 17.5.33530.505
MinimumVisualStudioVersion = 10.0.40219.1
Project("{9A19103F-16F7-4668-BE54-9A1E7A4F7556}") = "APICOREN10", "APICORE10\APICOREN10.csproj", "{585CFF7C-B11D-46E9-8857-3BB4E1467E3C}"
EndProject
Project("{FAE04EC0-301F-11D3-BF4B-00C04F79EFBC}") = "DAL", "DAL\DAL.csproj", "{C07F8618-C4F0-4649-82D9-968277CE8D9F}"
EndProject
Project("{FAE04EC0-301F-11D3-BF4B-00C04F79EFBC}") = "BLL", "BLL\BLL.csproj", "{397919D4-67E4-4AB5-AD57-7B2CA3694969}"
EndProject
Project("{FAE04EC0-301F-11D3-BF4B-00C04F79EFBC}") = "ENTIDADES", "ENTIDADES\ENTIDADES.csproj", "{5F56334D-5733-4DA3-8658-209ADC6AF846}"
EndProject
Global
	GlobalSection(SolutionConfigurationPlatforms) = preSolution
		Debug|Any CPU = Debug|Any CPU
		Release|Any CPU = Release|Any CPU
	EndGlobalSection
	GlobalSection(ProjectConfigurationPlatforms) = postSolution
		{585CFF7C-B11D-46E9-8857-3BB4E1467E3C}.Debug|Any CPU.ActiveCfg = Debug|Any CPU
		{585CFF7C-B11D-46E9-8857-3BB4E1467E3C}.Debug|Any CPU.Build.0 = Debug|Any CPU
		{585CFF7C-B11D-46E9-8857-3BB4E1467E3C}.Release|Any CPU.ActiveCfg = Release|Any CPU
		{585CFF7C-B11D-46E9-8857-3BB4E1467E3C}.Release|Any CPU.Build.0 = Release|Any CPU
		{C07F8618-C4F0-4649-82D9-968277CE8D9F}.Debug|Any CPU.ActiveCfg = Debug|Any CPU
		{C07F8618-C4F0-4649-82D9-968277CE8D9F}.Debug|Any CPU.Build.0 = Debug|Any CPU
		{C07F8618-C4F0-4649-82D9-968277CE8D9F}.Release|Any CPU.ActiveCfg = Release|Any CPU
		{C07F8618-C4F0-4649-82D9-968277CE8D9F}.Release|Any CPU.Build.0 = Release|Any CPU
		{397919D4-67E4-4AB5-AD57-7B2CA3694969}.Debug|Any CPU.ActiveCfg = Debug|Any CPU
		{397919D4-67E4-4AB5-AD57-7B2CA3694969}.Debug|Any CPU.Build.0 = Debug|Any CPU
		{397919D4-67E4-4AB5-AD57-7B2CA3694969}.Release|Any CPU.ActiveCfg = Release|Any CPU
		{397919D4-67E4-4AB5-AD57-7B2CA3694969}.Release|Any CPU.Build.0 = Release|Any CPU
		{5F56334D-5733-4DA3-8658-209ADC6AF846}.Debug|Any CPU.ActiveCfg = Debug|Any CPU
		{5F56334D-5733-4DA3-8658-209ADC6AF846}.Debug|Any CPU.Build.0 = Debug|Any CPU
		{5F56334D-5733-4DA3-8658-209ADC6AF846}.Release|Any CPU.ActiveCfg = Release|Any CPU
		{5F56334D-5733-4DA3-8658-209ADC6AF846}.Release|Any CPU.Build.0 = Release|Any CPU
	EndGlobalSection
	GlobalSection(SolutionProperties) = preSolution
		HideSolutionNode = FALSE
	EndGlobalSection
	GlobalSection(ExtensibilityGlobals) = postSolution
		SolutionGuid = {A89FBE69-0221-4560-A501-9867E05ADCC5}
	EndGlobalSection
EndGlobal
